
Microsoft Visual Studio Solution File, Format Version 12.00
# Visual Studio 15
VisualStudioVersion = 15.0.26430.12
MinimumVisualStudioVersion = 10.0.40219.1
Project("{9A19103F-16F7-4668-BE54-9A1E7A4F7556}") = "TvMaze.Scrapper.API", "TvMaze.Scrapper.API\TvMaze.Scrapper.API.csproj", "{1C9A030A-F21C-4E29-A06A-9D8979DF4A50}"
EndProject
Project("{9A19103F-16F7-4668-BE54-9A1E7A4F7556}") = "TvMaze.Scrapper.Data", "TvMaze.Scrapper.Data\TvMaze.Scrapper.Data.csproj", "{03D9C835-117A-4E50-B8AD-1C02F7EAEA03}"
EndProject
Project("{9A19103F-16F7-4668-BE54-9A1E7A4F7556}") = "TvMaze.Scrapper.Data.Contracts", "TvMaze.Scrapper.Data.Contracts\TvMaze.Scrapper.Data.Contracts.csproj", "{8D42E387-9463-4EB4-A610-C6F8A9EB5486}"
EndProject
Project("{9A19103F-16F7-4668-BE54-9A1E7A4F7556}") = "TvMaze.Scrapper.Services", "TvMaze.Scrapper.Services\TvMaze.Scrapper.Services.csproj", "{BAC8E083-7BBE-49A9-B9F4-34E03721C924}"
EndProject
Project("{9A19103F-16F7-4668-BE54-9A1E7A4F7556}") = "TvMaze.Scrapper.Services.Contracts", "TvMaze.Scrapper.Services.Contracts\TvMaze.Scrapper.Services.Contracts.csproj", "{B6075E05-76DA-48A5-9FFA-49DF09CCD864}"
EndProject
Project("{9A19103F-16F7-4668-BE54-9A1E7A4F7556}") = "TvMaze.Client", "TvMaze.Client\TvMaze.Client.csproj", "{978E3491-86D8-4E29-AC85-489F680C5DFC}"
EndProject
Project("{9A19103F-16F7-4668-BE54-9A1E7A4F7556}") = "TvMaze.Client.Contracts", "TvMaze.Client.Contracts\TvMaze.Client.Contracts.csproj", "{0360DD4E-547B-42C1-AFD4-D5CFAAF47F13}"
EndProject
Project("{FAE04EC0-301F-11D3-BF4B-00C04F79EFBC}") = "TvMaze.Resolver", "TvMaze.Resolver\TvMaze.Resolver.csproj", "{B8BA4D3D-32CF-448E-B9BC-674B8AE7B252}"
EndProject
Global
	GlobalSection(SolutionConfigurationPlatforms) = preSolution
		Debug|Any CPU = Debug|Any CPU
		Release|Any CPU = Release|Any CPU
	EndGlobalSection
	GlobalSection(ProjectConfigurationPlatforms) = postSolution
		{1C9A030A-F21C-4E29-A06A-9D8979DF4A50}.Debug|Any CPU.ActiveCfg = Debug|Any CPU
		{1C9A030A-F21C-4E29-A06A-9D8979DF4A50}.Debug|Any CPU.Build.0 = Debug|Any CPU
		{1C9A030A-F21C-4E29-A06A-9D8979DF4A50}.Release|Any CPU.ActiveCfg = Release|Any CPU
		{1C9A030A-F21C-4E29-A06A-9D8979DF4A50}.Release|Any CPU.Build.0 = Release|Any CPU
		{03D9C835-117A-4E50-B8AD-1C02F7EAEA03}.Debug|Any CPU.ActiveCfg = Debug|Any CPU
		{03D9C835-117A-4E50-B8AD-1C02F7EAEA03}.Debug|Any CPU.Build.0 = Debug|Any CPU
		{03D9C835-117A-4E50-B8AD-1C02F7EAEA03}.Release|Any CPU.ActiveCfg = Release|Any CPU
		{03D9C835-117A-4E50-B8AD-1C02F7EAEA03}.Release|Any CPU.Build.0 = Release|Any CPU
		{8D42E387-9463-4EB4-A610-C6F8A9EB5486}.Debug|Any CPU.ActiveCfg = Debug|Any CPU
		{8D42E387-9463-4EB4-A610-C6F8A9EB5486}.Debug|Any CPU.Build.0 = Debug|Any CPU
		{8D42E387-9463-4EB4-A610-C6F8A9EB5486}.Release|Any CPU.ActiveCfg = Release|Any CPU
		{8D42E387-9463-4EB4-A610-C6F8A9EB5486}.Release|Any CPU.Build.0 = Release|Any CPU
		{BAC8E083-7BBE-49A9-B9F4-34E03721C924}.Debug|Any CPU.ActiveCfg = Debug|Any CPU
		{BAC8E083-7BBE-49A9-B9F4-34E03721C924}.Debug|Any CPU.Build.0 = Debug|Any CPU
		{BAC8E083-7BBE-49A9-B9F4-34E03721C924}.Release|Any CPU.ActiveCfg = Release|Any CPU
		{BAC8E083-7BBE-49A9-B9F4-34E03721C924}.Release|Any CPU.Build.0 = Release|Any CPU
		{B6075E05-76DA-48A5-9FFA-49DF09CCD864}.Debug|Any CPU.ActiveCfg = Debug|Any CPU
		{B6075E05-76DA-48A5-9FFA-49DF09CCD864}.Debug|Any CPU.Build.0 = Debug|Any CPU
		{B6075E05-76DA-48A5-9FFA-49DF09CCD864}.Release|Any CPU.ActiveCfg = Release|Any CPU
		{B6075E05-76DA-48A5-9FFA-49DF09CCD864}.Release|Any CPU.Build.0 = Release|Any CPU
		{978E3491-86D8-4E29-AC85-489F680C5DFC}.Debug|Any CPU.ActiveCfg = Debug|Any CPU
		{978E3491-86D8-4E29-AC85-489F680C5DFC}.Debug|Any CPU.Build.0 = Debug|Any CPU
		{978E3491-86D8-4E29-AC85-489F680C5DFC}.Release|Any CPU.ActiveCfg = Release|Any CPU
		{978E3491-86D8-4E29-AC85-489F680C5DFC}.Release|Any CPU.Build.0 = Release|Any CPU
		{0360DD4E-547B-42C1-AFD4-D5CFAAF47F13}.Debug|Any CPU.ActiveCfg = Debug|Any CPU
		{0360DD4E-547B-42C1-AFD4-D5CFAAF47F13}.Debug|Any CPU.Build.0 = Debug|Any CPU
		{0360DD4E-547B-42C1-AFD4-D5CFAAF47F13}.Release|Any CPU.ActiveCfg = Release|Any CPU
		{0360DD4E-547B-42C1-AFD4-D5CFAAF47F13}.Release|Any CPU.Build.0 = Release|Any CPU
		{B8BA4D3D-32CF-448E-B9BC-674B8AE7B252}.Debug|Any CPU.ActiveCfg = Debug|Any CPU
		{B8BA4D3D-32CF-448E-B9BC-674B8AE7B252}.Debug|Any CPU.Build.0 = Debug|Any CPU
		{B8BA4D3D-32CF-448E-B9BC-674B8AE7B252}.Release|Any CPU.ActiveCfg = Release|Any CPU
		{B8BA4D3D-32CF-448E-B9BC-674B8AE7B252}.Release|Any CPU.Build.0 = Release|Any CPU
	EndGlobalSection
	GlobalSection(SolutionProperties) = preSolution
		HideSolutionNode = FALSE
	EndGlobalSection
EndGlobal
